
Microsoft Visual Studio Solution File, Format Version 12.00
# Visual Studio Version 17
VisualStudioVersion = 17.10.34916.146
MinimumVisualStudioVersion = 10.0.40219.1
Project("{9A19103F-16F7-4668-BE54-9A1E7A4F7556}") = "CoreGithub", "CoreGithub\CoreGithub.csproj", "{75CE5591-028E-4DB4-904D-10B6D82776A0}"
EndProject
Project("{9A19103F-16F7-4668-BE54-9A1E7A4F7556}") = "Admin", "Admin\Admin.csproj", "{755887F3-368C-4109-8BE8-4DF4CAABA3DF}"
EndProject
Project("{9A19103F-16F7-4668-BE54-9A1E7A4F7556}") = "Plumb5", "Plumb5\Plumb5.csproj", "{48E7877D-703D-4350-AFF1-C341E3D7A7B5}"
EndProject
Project("{9A19103F-16F7-4668-BE54-9A1E7A4F7556}") = "Plumb5GenralFunction", "Plumb5GenralFunction\Plumb5GenralFunction.csproj", "{BC9A39E7-12D2-4529-B4E9-3DBA13EE48C5}"
EndProject
Project("{9A19103F-16F7-4668-BE54-9A1E7A4F7556}") = "P5GenralDL", "P5GenralDL\P5GenralDL.csproj", "{86781673-D076-46CF-A28B-1EEF4B0CF76C}"
EndProject
Project("{9A19103F-16F7-4668-BE54-9A1E7A4F7556}") = "DBInteraction", "DBInteraction\DBInteraction.csproj", "{3773CCC5-69BE-4EB5-9BF8-7BEA49EB3269}"
EndProject
Project("{9A19103F-16F7-4668-BE54-9A1E7A4F7556}") = "IP5GenralDL", "IP5GenralDL\IP5GenralDL.csproj", "{84BDC29F-86A8-4123-8DF9-19ABB573A3B7}"
EndProject
Project("{FAE04EC0-301F-11D3-BF4B-00C04F79EFBC}") = "P5GenralML", "P5GenralML\P5GenralML.csproj", "{614AF33D-4003-484D-A4E6-DF894B0AF3A7}"
EndProject
Global
	GlobalSection(SolutionConfigurationPlatforms) = preSolution
		Debug|Any CPU = Debug|Any CPU
		Debug|x64 = Debug|x64
		Debug|x86 = Debug|x86
		Release|Any CPU = Release|Any CPU
		Release|x64 = Release|x64
		Release|x86 = Release|x86
	EndGlobalSection
	GlobalSection(ProjectConfigurationPlatforms) = postSolution
		{75CE5591-028E-4DB4-904D-10B6D82776A0}.Debug|Any CPU.ActiveCfg = Debug|Any CPU
		{75CE5591-028E-4DB4-904D-10B6D82776A0}.Debug|Any CPU.Build.0 = Debug|Any CPU
		{75CE5591-028E-4DB4-904D-10B6D82776A0}.Debug|x64.ActiveCfg = Debug|Any CPU
		{75CE5591-028E-4DB4-904D-10B6D82776A0}.Debug|x64.Build.0 = Debug|Any CPU
		{75CE5591-028E-4DB4-904D-10B6D82776A0}.Debug|x86.ActiveCfg = Debug|Any CPU
		{75CE5591-028E-4DB4-904D-10B6D82776A0}.Debug|x86.Build.0 = Debug|Any CPU
		{75CE5591-028E-4DB4-904D-10B6D82776A0}.Release|Any CPU.ActiveCfg = Release|Any CPU
		{75CE5591-028E-4DB4-904D-10B6D82776A0}.Release|Any CPU.Build.0 = Release|Any CPU
		{75CE5591-028E-4DB4-904D-10B6D82776A0}.Release|x64.ActiveCfg = Release|Any CPU
		{75CE5591-028E-4DB4-904D-10B6D82776A0}.Release|x64.Build.0 = Release|Any CPU
		{75CE5591-028E-4DB4-904D-10B6D82776A0}.Release|x86.ActiveCfg = Release|Any CPU
		{75CE5591-028E-4DB4-904D-10B6D82776A0}.Release|x86.Build.0 = Release|Any CPU
		{755887F3-368C-4109-8BE8-4DF4CAABA3DF}.Debug|Any CPU.ActiveCfg = Debug|Any CPU
		{755887F3-368C-4109-8BE8-4DF4CAABA3DF}.Debug|Any CPU.Build.0 = Debug|Any CPU
		{755887F3-368C-4109-8BE8-4DF4CAABA3DF}.Debug|x64.ActiveCfg = Debug|Any CPU
		{755887F3-368C-4109-8BE8-4DF4CAABA3DF}.Debug|x64.Build.0 = Debug|Any CPU
		{755887F3-368C-4109-8BE8-4DF4CAABA3DF}.Debug|x86.ActiveCfg = Debug|Any CPU
		{755887F3-368C-4109-8BE8-4DF4CAABA3DF}.Debug|x86.Build.0 = Debug|Any CPU
		{755887F3-368C-4109-8BE8-4DF4CAABA3DF}.Release|Any CPU.ActiveCfg = Release|Any CPU
		{755887F3-368C-4109-8BE8-4DF4CAABA3DF}.Release|Any CPU.Build.0 = Release|Any CPU
		{755887F3-368C-4109-8BE8-4DF4CAABA3DF}.Release|x64.ActiveCfg = Release|Any CPU
		{755887F3-368C-4109-8BE8-4DF4CAABA3DF}.Release|x64.Build.0 = Release|Any CPU
		{755887F3-368C-4109-8BE8-4DF4CAABA3DF}.Release|x86.ActiveCfg = Release|Any CPU
		{755887F3-368C-4109-8BE8-4DF4CAABA3DF}.Release|x86.Build.0 = Release|Any CPU
		{48E7877D-703D-4350-AFF1-C341E3D7A7B5}.Debug|Any CPU.ActiveCfg = Debug|Any CPU
		{48E7877D-703D-4350-AFF1-C341E3D7A7B5}.Debug|Any CPU.Build.0 = Debug|Any CPU
		{48E7877D-703D-4350-AFF1-C341E3D7A7B5}.Debug|x64.ActiveCfg = Debug|Any CPU
		{48E7877D-703D-4350-AFF1-C341E3D7A7B5}.Debug|x64.Build.0 = Debug|Any CPU
		{48E7877D-703D-4350-AFF1-C341E3D7A7B5}.Debug|x86.ActiveCfg = Debug|Any CPU
		{48E7877D-703D-4350-AFF1-C341E3D7A7B5}.Debug|x86.Build.0 = Debug|Any CPU
		{48E7877D-703D-4350-AFF1-C341E3D7A7B5}.Release|Any CPU.ActiveCfg = Release|Any CPU
		{48E7877D-703D-4350-AFF1-C341E3D7A7B5}.Release|Any CPU.Build.0 = Release|Any CPU
		{48E7877D-703D-4350-AFF1-C341E3D7A7B5}.Release|x64.ActiveCfg = Release|Any CPU
		{48E7877D-703D-4350-AFF1-C341E3D7A7B5}.Release|x64.Build.0 = Release|Any CPU
		{48E7877D-703D-4350-AFF1-C341E3D7A7B5}.Release|x86.ActiveCfg = Release|Any CPU
		{48E7877D-703D-4350-AFF1-C341E3D7A7B5}.Release|x86.Build.0 = Release|Any CPU
		{BC9A39E7-12D2-4529-B4E9-3DBA13EE48C5}.Debug|Any CPU.ActiveCfg = Debug|Any CPU
		{BC9A39E7-12D2-4529-B4E9-3DBA13EE48C5}.Debug|Any CPU.Build.0 = Debug|Any CPU
		{BC9A39E7-12D2-4529-B4E9-3DBA13EE48C5}.Debug|x64.ActiveCfg = Debug|x64
		{BC9A39E7-12D2-4529-B4E9-3DBA13EE48C5}.Debug|x64.Build.0 = Debug|x64
		{BC9A39E7-12D2-4529-B4E9-3DBA13EE48C5}.Debug|x86.ActiveCfg = Debug|x86
		{BC9A39E7-12D2-4529-B4E9-3DBA13EE48C5}.Debug|x86.Build.0 = Debug|x86
		{BC9A39E7-12D2-4529-B4E9-3DBA13EE48C5}.Release|Any CPU.ActiveCfg = Release|Any CPU
		{BC9A39E7-12D2-4529-B4E9-3DBA13EE48C5}.Release|Any CPU.Build.0 = Release|Any CPU
		{BC9A39E7-12D2-4529-B4E9-3DBA13EE48C5}.Release|x64.ActiveCfg = Release|x64
		{BC9A39E7-12D2-4529-B4E9-3DBA13EE48C5}.Release|x64.Build.0 = Release|x64
		{BC9A39E7-12D2-4529-B4E9-3DBA13EE48C5}.Release|x86.ActiveCfg = Release|x86
		{BC9A39E7-12D2-4529-B4E9-3DBA13EE48C5}.Release|x86.Build.0 = Release|x86
		{86781673-D076-46CF-A28B-1EEF4B0CF76C}.Debug|Any CPU.ActiveCfg = Debug|Any CPU
		{86781673-D076-46CF-A28B-1EEF4B0CF76C}.Debug|Any CPU.Build.0 = Debug|Any CPU
		{86781673-D076-46CF-A28B-1EEF4B0CF76C}.Debug|x64.ActiveCfg = Debug|Any CPU
		{86781673-D076-46CF-A28B-1EEF4B0CF76C}.Debug|x64.Build.0 = Debug|Any CPU
		{86781673-D076-46CF-A28B-1EEF4B0CF76C}.Debug|x86.ActiveCfg = Debug|Any CPU
		{86781673-D076-46CF-A28B-1EEF4B0CF76C}.Debug|x86.Build.0 = Debug|Any CPU
		{86781673-D076-46CF-A28B-1EEF4B0CF76C}.Release|Any CPU.ActiveCfg = Release|Any CPU
		{86781673-D076-46CF-A28B-1EEF4B0CF76C}.Release|Any CPU.Build.0 = Release|Any CPU
		{86781673-D076-46CF-A28B-1EEF4B0CF76C}.Release|x64.ActiveCfg = Release|Any CPU
		{86781673-D076-46CF-A28B-1EEF4B0CF76C}.Release|x64.Build.0 = Release|Any CPU
		{86781673-D076-46CF-A28B-1EEF4B0CF76C}.Release|x86.ActiveCfg = Release|Any CPU
		{86781673-D076-46CF-A28B-1EEF4B0CF76C}.Release|x86.Build.0 = Release|Any CPU
		{3773CCC5-69BE-4EB5-9BF8-7BEA49EB3269}.Debug|Any CPU.ActiveCfg = Debug|Any CPU
		{3773CCC5-69BE-4EB5-9BF8-7BEA49EB3269}.Debug|Any CPU.Build.0 = Debug|Any CPU
		{3773CCC5-69BE-4EB5-9BF8-7BEA49EB3269}.Debug|x64.ActiveCfg = Debug|Any CPU
		{3773CCC5-69BE-4EB5-9BF8-7BEA49EB3269}.Debug|x64.Build.0 = Debug|Any CPU
		{3773CCC5-69BE-4EB5-9BF8-7BEA49EB3269}.Debug|x86.ActiveCfg = Debug|Any CPU
		{3773CCC5-69BE-4EB5-9BF8-7BEA49EB3269}.Debug|x86.Build.0 = Debug|Any CPU
		{3773CCC5-69BE-4EB5-9BF8-7BEA49EB3269}.Release|Any CPU.ActiveCfg = Release|Any CPU
		{3773CCC5-69BE-4EB5-9BF8-7BEA49EB3269}.Release|Any CPU.Build.0 = Release|Any CPU
		{3773CCC5-69BE-4EB5-9BF8-7BEA49EB3269}.Release|x64.ActiveCfg = Release|Any CPU
		{3773CCC5-69BE-4EB5-9BF8-7BEA49EB3269}.Release|x64.Build.0 = Release|Any CPU
		{3773CCC5-69BE-4EB5-9BF8-7BEA49EB3269}.Release|x86.ActiveCfg = Release|Any CPU
		{3773CCC5-69BE-4EB5-9BF8-7BEA49EB3269}.Release|x86.Build.0 = Release|Any CPU
		{84BDC29F-86A8-4123-8DF9-19ABB573A3B7}.Debug|Any CPU.ActiveCfg = Debug|Any CPU
		{84BDC29F-86A8-4123-8DF9-19ABB573A3B7}.Debug|Any CPU.Build.0 = Debug|Any CPU
		{84BDC29F-86A8-4123-8DF9-19ABB573A3B7}.Debug|x64.ActiveCfg = Debug|Any CPU
		{84BDC29F-86A8-4123-8DF9-19ABB573A3B7}.Debug|x64.Build.0 = Debug|Any CPU
		{84BDC29F-86A8-4123-8DF9-19ABB573A3B7}.Debug|x86.ActiveCfg = Debug|Any CPU
		{84BDC29F-86A8-4123-8DF9-19ABB573A3B7}.Debug|x86.Build.0 = Debug|Any CPU
		{84BDC29F-86A8-4123-8DF9-19ABB573A3B7}.Release|Any CPU.ActiveCfg = Release|Any CPU
		{84BDC29F-86A8-4123-8DF9-19ABB573A3B7}.Release|Any CPU.Build.0 = Release|Any CPU
		{84BDC29F-86A8-4123-8DF9-19ABB573A3B7}.Release|x64.ActiveCfg = Release|Any CPU
		{84BDC29F-86A8-4123-8DF9-19ABB573A3B7}.Release|x64.Build.0 = Release|Any CPU
		{84BDC29F-86A8-4123-8DF9-19ABB573A3B7}.Release|x86.ActiveCfg = Release|Any CPU
		{84BDC29F-86A8-4123-8DF9-19ABB573A3B7}.Release|x86.Build.0 = Release|Any CPU
		{614AF33D-4003-484D-A4E6-DF894B0AF3A7}.Debug|Any CPU.ActiveCfg = Debug|Any CPU
		{614AF33D-4003-484D-A4E6-DF894B0AF3A7}.Debug|Any CPU.Build.0 = Debug|Any CPU
		{614AF33D-4003-484D-A4E6-DF894B0AF3A7}.Debug|x64.ActiveCfg = Debug|Any CPU
		{614AF33D-4003-484D-A4E6-DF894B0AF3A7}.Debug|x64.Build.0 = Debug|Any CPU
		{614AF33D-4003-484D-A4E6-DF894B0AF3A7}.Debug|x86.ActiveCfg = Debug|Any CPU
		{614AF33D-4003-484D-A4E6-DF894B0AF3A7}.Debug|x86.Build.0 = Debug|Any CPU
		{614AF33D-4003-484D-A4E6-DF894B0AF3A7}.Release|Any CPU.ActiveCfg = Release|Any CPU
		{614AF33D-4003-484D-A4E6-DF894B0AF3A7}.Release|Any CPU.Build.0 = Release|Any CPU
		{614AF33D-4003-484D-A4E6-DF894B0AF3A7}.Release|x64.ActiveCfg = Release|Any CPU
		{614AF33D-4003-484D-A4E6-DF894B0AF3A7}.Release|x64.Build.0 = Release|Any CPU
		{614AF33D-4003-484D-A4E6-DF894B0AF3A7}.Release|x86.ActiveCfg = Release|Any CPU
		{614AF33D-4003-484D-A4E6-DF894B0AF3A7}.Release|x86.Build.0 = Release|Any CPU
	EndGlobalSection
	GlobalSection(SolutionProperties) = preSolution
		HideSolutionNode = FALSE
	EndGlobalSection
	GlobalSection(ExtensibilityGlobals) = postSolution
		SolutionGuid = {A280E244-161E-4E8F-96C7-FA31AC53E416}
	EndGlobalSection
EndGlobal
